// !$*UTF8*$!
{
	archiveVersion = 1;
	classes = {
	};
	objectVersion = 46;
	objects = {

/* Begin PBXBuildFile section */
		5DF602BF1B6CD3AF00CB45AD /* AppDelegate.swift in Sources */ = {isa = PBXBuildFile; fileRef = 5DF602BE1B6CD3AF00CB45AD /* AppDelegate.swift */; };
		5DF602C21B6CD3AF00CB45AD /* Sample.xcdatamodeld in Sources */ = {isa = PBXBuildFile; fileRef = 5DF602C01B6CD3AF00CB45AD /* Sample.xcdatamodeld */; };
		5DF602C41B6CD3AF00CB45AD /* MasterViewController.swift in Sources */ = {isa = PBXBuildFile; fileRef = 5DF602C31B6CD3AF00CB45AD /* MasterViewController.swift */; };
		5DF602C61B6CD3AF00CB45AD /* DetailViewController.swift in Sources */ = {isa = PBXBuildFile; fileRef = 5DF602C51B6CD3AF00CB45AD /* DetailViewController.swift */; };
		5DF602C91B6CD3AF00CB45AD /* Main.storyboard in Resources */ = {isa = PBXBuildFile; fileRef = 5DF602C71B6CD3AF00CB45AD /* Main.storyboard */; };
		5DF602CB1B6CD3AF00CB45AD /* Images.xcassets in Resources */ = {isa = PBXBuildFile; fileRef = 5DF602CA1B6CD3AF00CB45AD /* Images.xcassets */; };
		5DF602CE1B6CD3AF00CB45AD /* LaunchScreen.xib in Resources */ = {isa = PBXBuildFile; fileRef = 5DF602CC1B6CD3AF00CB45AD /* LaunchScreen.xib */; };
		5DF602DA1B6CD3AF00CB45AD /* SampleTests.swift in Sources */ = {isa = PBXBuildFile; fileRef = 5DF602D91B6CD3AF00CB45AD /* SampleTests.swift */; };
		5DF602E61B6CD7A800CB45AD /* logo.png in Resources */ = {isa = PBXBuildFile; fileRef = 5DF602E51B6CD7A800CB45AD /* logo.png */; };
		5DF602EB1B6D2C3100CB45AD /* Olympic-logo.png in Resources */ = {isa = PBXBuildFile; fileRef = 5DF602EA1B6D2C3100CB45AD /* Olympic-logo.png */; };
/* End PBXBuildFile section */

/* Begin PBXContainerItemProxy section */
		5DF602D41B6CD3AF00CB45AD /* PBXContainerItemProxy */ = {
			isa = PBXContainerItemProxy;
			containerPortal = 5DF602B11B6CD3AF00CB45AD /* Project object */;
			proxyType = 1;
			remoteGlobalIDString = 5DF602B81B6CD3AF00CB45AD;
			remoteInfo = Sample;
		};
/* End PBXContainerItemProxy section */

/* Begin PBXFileReference section */
		5DF602B91B6CD3AF00CB45AD /* Sample.app */ = {isa = PBXFileReference; explicitFileType = wrapper.application; includeInIndex = 0; path = Sample.app; sourceTree = BUILT_PRODUCTS_DIR; };
		5DF602BD1B6CD3AF00CB45AD /* Info.plist */ = {isa = PBXFileReference; lastKnownFileType = text.plist.xml; path = Info.plist; sourceTree = "<group>"; };
		5DF602BE1B6CD3AF00CB45AD /* AppDelegate.swift */ = {isa = PBXFileReference; lastKnownFileType = sourcecode.swift; path = AppDelegate.swift; sourceTree = "<group>"; };
		5DF602C11B6CD3AF00CB45AD /* Sample.xcdatamodel */ = {isa = PBXFileReference; lastKnownFileType = wrapper.xcdatamodel; path = Sample.xcdatamodel; sourceTree = "<group>"; };
		5DF602C31B6CD3AF00CB45AD /* MasterViewController.swift */ = {isa = PBXFileReference; lastKnownFileType = sourcecode.swift; path = MasterViewController.swift; sourceTree = "<group>"; };
		5DF602C51B6CD3AF00CB45AD /* DetailViewController.swift */ = {isa = PBXFileReference; lastKnownFileType = sourcecode.swift; path = DetailViewController.swift; sourceTree = "<group>"; };
		5DF602C81B6CD3AF00CB45AD /* Base */ = {isa = PBXFileReference; lastKnownFileType = file.storyboard; name = Base; path = Base.lproj/Main.storyboard; sourceTree = "<group>"; };
		5DF602CA1B6CD3AF00CB45AD /* Images.xcassets */ = {isa = PBXFileReference; lastKnownFileType = folder.assetcatalog; path = Images.xcassets; sourceTree = "<group>"; };
		5DF602CD1B6CD3AF00CB45AD /* Base */ = {isa = PBXFileReference; lastKnownFileType = file.xib; name = Base; path = Base.lproj/LaunchScreen.xib; sourceTree = "<group>"; };
		5DF602D31B6CD3AF00CB45AD /* SampleTests.xctest */ = {isa = PBXFileReference; explicitFileType = wrapper.cfbundle; includeInIndex = 0; path = SampleTests.xctest; sourceTree = BUILT_PRODUCTS_DIR; };
		5DF602D81B6CD3AF00CB45AD /* Info.plist */ = {isa = PBXFileReference; lastKnownFileType = text.plist.xml; path = Info.plist; sourceTree = "<group>"; };
		5DF602D91B6CD3AF00CB45AD /* SampleTests.swift */ = {isa = PBXFileReference; lastKnownFileType = sourcecode.swift; path = SampleTests.swift; sourceTree = "<group>"; };
		5DF602E51B6CD7A800CB45AD /* logo.png */ = {isa = PBXFileReference; lastKnownFileType = image.png; path = logo.png; sourceTree = "<group>"; };
		5DF602EA1B6D2C3100CB45AD /* Olympic-logo.png */ = {isa = PBXFileReference; lastKnownFileType = image.png; path = "Olympic-logo.png"; sourceTree = "<group>"; };
/* End PBXFileReference section */

/* Begin PBXFrameworksBuildPhase section */
		5DF602B61B6CD3AF00CB45AD /* Frameworks */ = {
			isa = PBXFrameworksBuildPhase;
			buildActionMask = 2147483647;
			files = (
			);
			runOnlyForDeploymentPostprocessing = 0;
		};
		5DF602D01B6CD3AF00CB45AD /* Frameworks */ = {
			isa = PBXFrameworksBuildPhase;
			buildActionMask = 2147483647;
			files = (
			);
			runOnlyForDeploymentPostprocessing = 0;
		};
/* End PBXFrameworksBuildPhase section */

/* Begin PBXGroup section */
		5DF602B01B6CD3AF00CB45AD = {
			isa = PBXGroup;
			children = (
				5DF602BB1B6CD3AF00CB45AD /* Sample */,
				5DF602D61B6CD3AF00CB45AD /* SampleTests */,
				5DF602BA1B6CD3AF00CB45AD /* Products */,
			);
			sourceTree = "<group>";
		};
		5DF602BA1B6CD3AF00CB45AD /* Products */ = {
			isa = PBXGroup;
			children = (
				5DF602B91B6CD3AF00CB45AD /* Sample.app */,
				5DF602D31B6CD3AF00CB45AD /* SampleTests.xctest */,
			);
			name = Products;
			sourceTree = "<group>";
		};
		5DF602BB1B6CD3AF00CB45AD /* Sample */ = {
			isa = PBXGroup;
			children = (
				5DF602ED1B710F8400CB45AD /* Resources */,
				5DF602BE1B6CD3AF00CB45AD /* AppDelegate.swift */,
				5DF602C31B6CD3AF00CB45AD /* MasterViewController.swift */,
				5DF602C51B6CD3AF00CB45AD /* DetailViewController.swift */,
				5DF602C71B6CD3AF00CB45AD /* Main.storyboard */,
				5DF602CA1B6CD3AF00CB45AD /* Images.xcassets */,
				5DF602CC1B6CD3AF00CB45AD /* LaunchScreen.xib */,
				5DF602C01B6CD3AF00CB45AD /* Sample.xcdatamodeld */,
				5DF602BC1B6CD3AF00CB45AD /* Supporting Files */,
			);
			path = Sample;
			sourceTree = "<group>";
		};
		5DF602BC1B6CD3AF00CB45AD /* Supporting Files */ = {
			isa = PBXGroup;
			children = (
				5DF602BD1B6CD3AF00CB45AD /* Info.plist */,
			);
			name = "Supporting Files";
			sourceTree = "<group>";
		};
		5DF602D61B6CD3AF00CB45AD /* SampleTests */ = {
			isa = PBXGroup;
			children = (
				5DF602D91B6CD3AF00CB45AD /* SampleTests.swift */,
				5DF602D71B6CD3AF00CB45AD /* Supporting Files */,
			);
			path = SampleTests;
			sourceTree = "<group>";
		};
		5DF602D71B6CD3AF00CB45AD /* Supporting Files */ = {
			isa = PBXGroup;
			children = (
				5DF602D81B6CD3AF00CB45AD /* Info.plist */,
			);
			name = "Supporting Files";
			sourceTree = "<group>";
		};
		5DF602E71B6CD7CB00CB45AD /* Images */ = {
			isa = PBXGroup;
			children = (
				5DF602EA1B6D2C3100CB45AD /* Olympic-logo.png */,
				5DF602E51B6CD7A800CB45AD /* logo.png */,
			);
			path = Images;
			sourceTree = "<group>";
		};
		5DF602ED1B710F8400CB45AD /* Resources */ = {
			isa = PBXGroup;
			children = (
				5DF602E71B6CD7CB00CB45AD /* Images */,
			);
			path = Resources;
			sourceTree = "<group>";
		};
/* End PBXGroup section */

/* Begin PBXNativeTarget section */
		5DF602B81B6CD3AF00CB45AD /* Sample */ = {
			isa = PBXNativeTarget;
			buildConfigurationList = 5DF602DD1B6CD3AF00CB45AD /* Build configuration list for PBXNativeTarget "Sample" */;
			buildPhases = (
				5DF602B51B6CD3AF00CB45AD /* Sources */,
				5DF602B61B6CD3AF00CB45AD /* Frameworks */,
				5DF602B71B6CD3AF00CB45AD /* Resources */,
			);
			buildRules = (
			);
			dependencies = (
			);
			name = Sample;
			productName = Sample;
			productReference = 5DF602B91B6CD3AF00CB45AD /* Sample.app */;
			productType = "com.apple.product-type.application";
		};
		5DF602D21B6CD3AF00CB45AD /* SampleTests */ = {
			isa = PBXNativeTarget;
			buildConfigurationList = 5DF602E01B6CD3AF00CB45AD /* Build configuration list for PBXNativeTarget "SampleTests" */;
			buildPhases = (
				5DF602CF1B6CD3AF00CB45AD /* Sources */,
				5DF602D01B6CD3AF00CB45AD /* Frameworks */,
				5DF602D11B6CD3AF00CB45AD /* Resources */,
			);
			buildRules = (
			);
			dependencies = (
				5DF602D51B6CD3AF00CB45AD /* PBXTargetDependency */,
			);
			name = SampleTests;
			productName = SampleTests;
			productReference = 5DF602D31B6CD3AF00CB45AD /* SampleTests.xctest */;
			productType = "com.apple.product-type.bundle.unit-test";
		};
/* End PBXNativeTarget section */

/* Begin PBXProject section */
		5DF602B11B6CD3AF00CB45AD /* Project object */ = {
			isa = PBXProject;
			attributes = {
				LastUpgradeCheck = 0640;
				ORGANIZATIONNAME = "竹内大貴";
				TargetAttributes = {
					5DF602B81B6CD3AF00CB45AD = {
						CreatedOnToolsVersion = 6.4;
					};
					5DF602D21B6CD3AF00CB45AD = {
						CreatedOnToolsVersion = 6.4;
						TestTargetID = 5DF602B81B6CD3AF00CB45AD;
					};
				};
			};
			buildConfigurationList = 5DF602B41B6CD3AF00CB45AD /* Build configuration list for PBXProject "Sample" */;
			compatibilityVersion = "Xcode 3.2";
			developmentRegion = English;
			hasScannedForEncodings = 0;
			knownRegions = (
				en,
				Base,
			);
			mainGroup = 5DF602B01B6CD3AF00CB45AD;
			productRefGroup = 5DF602BA1B6CD3AF00CB45AD /* Products */;
			projectDirPath = "";
			projectRoot = "";
			targets = (
				5DF602B81B6CD3AF00CB45AD /* Sample */,
				5DF602D21B6CD3AF00CB45AD /* SampleTests */,
			);
		};
/* End PBXProject section */

/* Begin PBXResourcesBuildPhase section */
		5DF602B71B6CD3AF00CB45AD /* Resources */ = {
			isa = PBXResourcesBuildPhase;
			buildActionMask = 2147483647;
			files = (
				5DF602E61B6CD7A800CB45AD /* logo.png in Resources */,
				5DF602C91B6CD3AF00CB45AD /* Main.storyboard in Resources */,
				5DF602CE1B6CD3AF00CB45AD /* LaunchScreen.xib in Resources */,
				5DF602EB1B6D2C3100CB45AD /* Olympic-logo.png in Resources */,
				5DF602CB1B6CD3AF00CB45AD /* Images.xcassets in Resources */,
			);
			runOnlyForDeploymentPostprocessing = 0;
		};
		5DF602D11B6CD3AF00CB45AD /* Resources */ = {
			isa = PBXResourcesBuildPhase;
			buildActionMask = 2147483647;
			files = (
			);
			runOnlyForDeploymentPostprocessing = 0;
		};
/* End PBXResourcesBuildPhase section */

/* Begin PBXSourcesBuildPhase section */
		5DF602B51B6CD3AF00CB45AD /* Sources */ = {
			isa = PBXSourcesBuildPhase;
			buildActionMask = 2147483647;
			files = (
				5DF602BF1B6CD3AF00CB45AD /* AppDelegate.swift in Sources */,
				5DF602C21B6CD3AF00CB45AD /* Sample.xcdatamodeld in Sources */,
				5DF602C41B6CD3AF00CB45AD /* MasterViewController.swift in Sources */,
				5DF602C61B6CD3AF00CB45AD /* DetailViewController.swift in Sources */,
			);
			runOnlyForDeploymentPostprocessing = 0;
		};
		5DF602CF1B6CD3AF00CB45AD /* Sources */ = {
			isa = PBXSourcesBuildPhase;
			buildActionMask = 2147483647;
			files = (
				5DF602DA1B6CD3AF00CB45AD /* SampleTests.swift in Sources */,
			);
			runOnlyForDeploymentPostprocessing = 0;
		};
/* End PBXSourcesBuildPhase section */

/* Begin PBXTargetDependency section */
		5DF602D51B6CD3AF00CB45AD /* PBXTargetDependency */ = {
			isa = PBXTargetDependency;
			target = 5DF602B81B6CD3AF00CB45AD /* Sample */;
			targetProxy = 5DF602D41B6CD3AF00CB45AD /* PBXContainerItemProxy */;
		};
/* End PBXTargetDependency section */

/* Begin PBXVariantGroup section */
		5DF602C71B6CD3AF00CB45AD /* Main.storyboard */ = {
			isa = PBXVariantGroup;
			children = (
				5DF602C81B6CD3AF00CB45AD /* Base */,
			);
			name = Main.storyboard;
			sourceTree = "<group>";
		};
		5DF602CC1B6CD3AF00CB45AD /* LaunchScreen.xib */ = {
			isa = PBXVariantGroup;
			children = (
				5DF602CD1B6CD3AF00CB45AD /* Base */,
			);
			name = LaunchScreen.xib;
			sourceTree = "<group>";
		};
/* End PBXVariantGroup section */

/* Begin XCBuildConfiguration section */
		5DF602DB1B6CD3AF00CB45AD /* Debug */ = {
			isa = XCBuildConfiguration;
			buildSettings = {
				ALWAYS_SEARCH_USER_PATHS = NO;
				CLANG_CXX_LANGUAGE_STANDARD = "gnu++0x";
				CLANG_CXX_LIBRARY = "libc++";
				CLANG_ENABLE_MODULES = YES;
				CLANG_ENABLE_OBJC_ARC = YES;
				CLANG_WARN_BOOL_CONVERSION = YES;
				CLANG_WARN_CONSTANT_CONVERSION = YES;
				CLANG_WARN_DIRECT_OBJC_ISA_USAGE = YES_ERROR;
				CLANG_WARN_EMPTY_BODY = YES;
				CLANG_WARN_ENUM_CONVERSION = YES;
				CLANG_WARN_INT_CONVERSION = YES;
				CLANG_WARN_OBJC_ROOT_CLASS = YES_ERROR;
				CLANG_WARN_UNREACHABLE_CODE = YES;
				CLANG_WARN__DUPLICATE_METHOD_MATCH = YES;
				"CODE_SIGN_IDENTITY[sdk=iphoneos*]" = "iPhone Developer";
				COPY_PHASE_STRIP = NO;
				DEBUG_INFORMATION_FORMAT = "dwarf-with-dsym";
				ENABLE_STRICT_OBJC_MSGSEND = YES;
				GCC_C_LANGUAGE_STANDARD = gnu99;
				GCC_DYNAMIC_NO_PIC = NO;
				GCC_NO_COMMON_BLOCKS = YES;
				GCC_OPTIMIZATION_LEVEL = 0;
				GCC_PREPROCESSOR_DEFINITIONS = (
					"DEBUG=1",
					"$(inherited)",
				);
				GCC_SYMBOLS_PRIVATE_EXTERN = NO;
				GCC_WARN_64_TO_32_BIT_CONVERSION = YES;
				GCC_WARN_ABOUT_RETURN_TYPE = YES_ERROR;
				GCC_WARN_UNDECLARED_SELECTOR = YES;
				GCC_WARN_UNINITIALIZED_AUTOS = YES_AGGRESSIVE;
				GCC_WARN_UNUSED_FUNCTION = YES;
				GCC_WARN_UNUSED_VARIABLE = YES;
				IPHONEOS_DEPLOYMENT_TARGET = 8.4;
				MTL_ENABLE_DEBUG_INFO = YES;
				ONLY_ACTIVE_ARCH = YES;
				SDKROOT = iphoneos;
				SWIFT_OPTIMIZATION_LEVEL = "-Onone";
				TARGETED_DEVICE_FAMILY = "1,2";
			};
			name = Debug;
		};
		5DF602DC1B6CD3AF00CB45AD /* Release */ = {
			isa = XCBuildConfiguration;
			buildSettings = {
				ALWAYS_SEARCH_USER_PATHS = NO;
				CLANG_CXX_LANGUAGE_STANDARD = "gnu++0x";
				CLANG_CXX_LIBRARY = "libc++";
				CLANG_ENABLE_MODULES = YES;
				CLANG_ENABLE_OBJC_ARC = YES;
				CLANG_WARN_BOOL_CONVERSION = YES;
				CLANG_WARN_CONSTANT_CONVERSION = YES;
				CLANG_WARN_DIRECT_OBJC_ISA_USAGE = YES_ERROR;
				CLANG_WARN_EMPTY_BODY = YES;
				CLANG_WARN_ENUM_CONVERSION = YES;
				CLANG_WARN_INT_CONVERSION = YES;
				CLANG_WARN_OBJC_ROOT_CLASS = YES_ERROR;
				CLANG_WARN_UNREACHABLE_CODE = YES;
				CLANG_WARN__DUPLICATE_METHOD_MATCH = YES;
				"CODE_SIGN_IDENTITY[sdk=iphoneos*]" = "iPhone Developer";
				COPY_PHASE_STRIP = NO;
				DEBUG_INFORMATION_FORMAT = "dwarf-with-dsym";
				ENABLE_NS_ASSERTIONS = NO;
				ENABLE_STRICT_OBJC_MSGSEND = YES;
				GCC_C_LANGUAGE_STANDARD = gnu99;
				GCC_NO_COMMON_BLOCKS = YES;
				GCC_WARN_64_TO_32_BIT_CONVERSION = YES;
				GCC_WARN_ABOUT_RETURN_TYPE = YES_ERROR;
				GCC_WARN_UNDECLARED_SELECTOR = YES;
				GCC_WARN_UNINITIALIZED_AUTOS = YES_AGGRESSIVE;
				GCC_WARN_UNUSED_FUNCTION = YES;
				GCC_WARN_UNUSED_VARIABLE = YES;
				IPHONEOS_DEPLOYMENT_TARGET = 8.4;
				MTL_ENABLE_DEBUG_INFO = NO;
				SDKROOT = iphoneos;
				TARGETED_DEVICE_FAMILY = "1,2";
				VALIDATE_PRODUCT = YES;
			};
			name = Release;
		};
		5DF602DE1B6CD3AF00CB45AD /* Debug */ = {
			isa = XCBuildConfiguration;
			buildSettings = {
				ASSETCATALOG_COMPILER_APPICON_NAME = AppIcon;
				INFOPLIST_FILE = Sample/Info.plist;
				LD_RUNPATH_SEARCH_PATHS = "$(inherited) @executable_path/Frameworks";
				PRODUCT_NAME = "$(TARGET_NAME)";
			};
			name = Debug;
		};
		5DF602DF1B6CD3AF00CB45AD /* Release */ = {
			isa = XCBuildConfiguration;
			buildSettings = {
				ASSETCATALOG_COMPILER_APPICON_NAME = AppIcon;
				INFOPLIST_FILE = Sample/Info.plist;
				LD_RUNPATH_SEARCH_PATHS = "$(inherited) @executable_path/Frameworks";
				PRODUCT_NAME = "$(TARGET_NAME)";
			};
			name = Release;
		};
		5DF602E11B6CD3AF00CB45AD /* Debug */ = {
			isa = XCBuildConfiguration;
			buildSettings = {
				BUNDLE_LOADER = "$(TEST_HOST)";
				FRAMEWORK_SEARCH_PATHS = (
					"$(SDKROOT)/Developer/Library/Frameworks",
					"$(inherited)",
				);
				GCC_PREPROCESSOR_DEFINITIONS = (
					"DEBUG=1",
					"$(inherited)",
				);
				INFOPLIST_FILE = SampleTests/Info.plist;
				LD_RUNPATH_SEARCH_PATHS = "$(inherited) @executable_path/Frameworks @loader_path/Frameworks";
				PRODUCT_NAME = "$(TARGET_NAME)";
				TEST_HOST = "$(BUILT_PRODUCTS_DIR)/Sample.app/Sample";
			};
			name = Debug;
		};
		5DF602E21B6CD3AF00CB45AD /* Release */ = {
			isa = XCBuildConfiguration;
			buildSettings = {
				BUNDLE_LOADER = "$(TEST_HOST)";
				FRAMEWORK_SEARCH_PATHS = (
					"$(SDKROOT)/Developer/Library/Frameworks",
					"$(inherited)",
				);
				INFOPLIST_FILE = SampleTests/Info.plist;
				LD_RUNPATH_SEARCH_PATHS = "$(inherited) @executable_path/Frameworks @loader_path/Frameworks";
				PRODUCT_NAME = "$(TARGET_NAME)";
				TEST_HOST = "$(BUILT_PRODUCTS_DIR)/Sample.app/Sample";
			};
			name = Release;
		};
/* End XCBuildConfiguration section */

/* Begin XCConfigurationList section */
		5DF602B41B6CD3AF00CB45AD /* Build configuration list for PBXProject "Sample" */ = {
			isa = XCConfigurationList;
			buildConfigurations = (
				5DF602DB1B6CD3AF00CB45AD /* Debug */,
				5DF602DC1B6CD3AF00CB45AD /* Release */,
			);
			defaultConfigurationIsVisible = 0;
			defaultConfigurationName = Release;
		};
		5DF602DD1B6CD3AF00CB45AD /* Build configuration list for PBXNativeTarget "Sample" */ = {
			isa = XCConfigurationList;
			buildConfigurations = (
				5DF602DE1B6CD3AF00CB45AD /* Debug */,
				5DF602DF1B6CD3AF00CB45AD /* Release */,
			);
			defaultConfigurationIsVisible = 0;
			defaultConfigurationName = Release;
		};
		5DF602E01B6CD3AF00CB45AD /* Build configuration list for PBXNativeTarget "SampleTests" */ = {
			isa = XCConfigurationList;
			buildConfigurations = (
				5DF602E11B6CD3AF00CB45AD /* Debug */,
				5DF602E21B6CD3AF00CB45AD /* Release */,
			);
			defaultConfigurationIsVisible = 0;
			defaultConfigurationName = Release;
		};
/* End XCConfigurationList section */

/* Begin XCVersionGroup section */
		5DF602C01B6CD3AF00CB45AD /* Sample.xcdatamodeld */ = {
			isa = XCVersionGroup;
			children = (
				5DF602C11B6CD3AF00CB45AD /* Sample.xcdatamodel */,
			);
			currentVersion = 5DF602C11B6CD3AF00CB45AD /* Sample.xcdatamodel */;
			path = Sample.xcdatamodeld;
			sourceTree = "<group>";
			versionGroupType = wrapper.xcdatamodel;
		};
/* End XCVersionGroup section */
	};
	rootObject = 5DF602B11B6CD3AF00CB45AD /* Project object */;
}
